// !$*UTF8*$!
{
	archiveVersion = 1;
	classes = {
	};
	objectVersion = 46;
	objects = {

/* Begin PBXBuildFile section */
		845CA7A91F617A6100989143 /* echo.a in Frameworks */ = {isa = PBXBuildFile; fileRef = 845CA7A81F617A6100989143 /* echo.a */; };
		8489BF741F61455300630190 /* main.swift in Sources */ = {isa = PBXBuildFile; fileRef = 8489BF731F61455300630190 /* main.swift */; };
/* End PBXBuildFile section */

/* Begin PBXCopyFilesBuildPhase section */
		8489BF6E1F61455300630190 /* CopyFiles */ = {
			isa = PBXCopyFilesBuildPhase;
			buildActionMask = 2147483647;
			dstPath = usr/share/man/man1;
			dstSubfolderSpec = 10;
			files = (
			);
			runOnlyForDeploymentPostprocessing = 1;
		};
/* End PBXCopyFilesBuildPhase section */

/* Begin PBXFileReference section */
		845CA7A31F6166B800989143 /* echo.a */ = {isa = PBXFileReference; lastKnownFileType = archive.ar; name = echo.a; path = Module/echo.a; sourceTree = "<group>"; };
		845CA7A81F617A6100989143 /* echo.a */ = {isa = PBXFileReference; lastKnownFileType = archive.ar; name = echo.a; path = echo/echo.a; sourceTree = "<group>"; };
		8489BF701F61455300630190 /* Go2Swift */ = {isa = PBXFileReference; explicitFileType = "compiled.mach-o.executable"; includeInIndex = 0; path = Go2Swift; sourceTree = BUILT_PRODUCTS_DIR; };
		8489BF731F61455300630190 /* main.swift */ = {isa = PBXFileReference; lastKnownFileType = sourcecode.swift; path = main.swift; sourceTree = "<group>"; };
/* End PBXFileReference section */

/* Begin PBXFrameworksBuildPhase section */
		8489BF6D1F61455300630190 /* Frameworks */ = {
			isa = PBXFrameworksBuildPhase;
			buildActionMask = 2147483647;
			files = (
				845CA7A91F617A6100989143 /* echo.a in Frameworks */,
			);
			runOnlyForDeploymentPostprocessing = 0;
		};
/* End PBXFrameworksBuildPhase section */

/* Begin PBXGroup section */
		845CA7A71F617A6000989143 /* Frameworks */ = {
			isa = PBXGroup;
			children = (
				845CA7A81F617A6100989143 /* echo.a */,
			);
			name = Frameworks;
			sourceTree = "<group>";
		};
		8489BF671F61455300630190 = {
			isa = PBXGroup;
			children = (
				845CA7A31F6166B800989143 /* echo.a */,
				8489BF721F61455300630190 /* Go2Swift */,
				8489BF711F61455300630190 /* Products */,
				845CA7A71F617A6000989143 /* Frameworks */,
			);
			sourceTree = "<group>";
		};
		8489BF711F61455300630190 /* Products */ = {
			isa = PBXGroup;
			children = (
				8489BF701F61455300630190 /* Go2Swift */,
			);
			name = Products;
			sourceTree = "<group>";
		};
		8489BF721F61455300630190 /* Go2Swift */ = {
			isa = PBXGroup;
			children = (
				8489BF731F61455300630190 /* main.swift */,
			);
			path = Go2Swift;
			sourceTree = "<group>";
		};
/* End PBXGroup section */

/* Begin PBXNativeTarget section */
		8489BF6F1F61455300630190 /* Go2Swift */ = {
			isa = PBXNativeTarget;
			buildConfigurationList = 8489BF771F61455300630190 /* Build configuration list for PBXNativeTarget "Go2Swift" */;
			buildPhases = (
				8489BF6C1F61455300630190 /* Sources */,
				8489BF6D1F61455300630190 /* Frameworks */,
				8489BF6E1F61455300630190 /* CopyFiles */,
			);
			buildRules = (
			);
			dependencies = (
			);
			name = Go2Swift;
			productName = Go2Swift;
			productReference = 8489BF701F61455300630190 /* Go2Swift */;
			productType = "com.apple.product-type.tool";
		};
/* End PBXNativeTarget section */

/* Begin PBXProject section */
		8489BF681F61455300630190 /* Project object */ = {
			isa = PBXProject;
			attributes = {
				LastSwiftUpdateCheck = 0830;
				LastUpgradeCheck = 0830;
				ORGANIZATIONNAME = youri;
				TargetAttributes = {
					8489BF6F1F61455300630190 = {
						CreatedOnToolsVersion = 8.3.2;
						ProvisioningStyle = Automatic;
					};
				};
			};
			buildConfigurationList = 8489BF6B1F61455300630190 /* Build configuration list for PBXProject "Go2Swift" */;
			compatibilityVersion = "Xcode 3.2";
			developmentRegion = English;
			hasScannedForEncodings = 0;
			knownRegions = (
				en,
			);
			mainGroup = 8489BF671F61455300630190;
			productRefGroup = 8489BF711F61455300630190 /* Products */;
			projectDirPath = "";
			projectRoot = "";
			targets = (
				8489BF6F1F61455300630190 /* Go2Swift */,
			);
		};
/* End PBXProject section */

/* Begin PBXSourcesBuildPhase section */
		8489BF6C1F61455300630190 /* Sources */ = {
			isa = PBXSourcesBuildPhase;
			buildActionMask = 2147483647;
			files = (
				8489BF741F61455300630190 /* main.swift in Sources */,
			);
			runOnlyForDeploymentPostprocessing = 0;
		};
/* End PBXSourcesBuildPhase section */

/* Begin XCBuildConfiguration section */
		8489BF751F61455300630190 /* Debug */ = {
			isa = XCBuildConfiguration;
			buildSettings = {
				ALWAYS_SEARCH_USER_PATHS = NO;
				CLANG_ANALYZER_NONNULL = YES;
				CLANG_ANALYZER_NUMBER_OBJECT_CONVERSION = YES_AGGRESSIVE;
				CLANG_CXX_LANGUAGE_STANDARD = "gnu++0x";
				CLANG_CXX_LIBRARY = "libc++";
				CLANG_ENABLE_MODULES = YES;
				CLANG_ENABLE_OBJC_ARC = YES;
				CLANG_WARN_BOOL_CONVERSION = YES;
				CLANG_WARN_CONSTANT_CONVERSION = YES;
				CLANG_WARN_DIRECT_OBJC_ISA_USAGE = YES_ERROR;
				CLANG_WARN_DOCUMENTATION_COMMENTS = YES;
				CLANG_WARN_EMPTY_BODY = YES;
				CLANG_WARN_ENUM_CONVERSION = YES;
				CLANG_WARN_INFINITE_RECURSION = YES;
				CLANG_WARN_INT_CONVERSION = YES;
				CLANG_WARN_OBJC_ROOT_CLASS = YES_ERROR;
				CLANG_WARN_SUSPICIOUS_MOVE = YES;
				CLANG_WARN_UNREACHABLE_CODE = YES;
				CLANG_WARN__DUPLICATE_METHOD_MATCH = YES;
				CODE_SIGN_IDENTITY = "-";
				COPY_PHASE_STRIP = NO;
				DEBUG_INFORMATION_FORMAT = dwarf;
				ENABLE_STRICT_OBJC_MSGSEND = YES;
				ENABLE_TESTABILITY = YES;
				GCC_C_LANGUAGE_STANDARD = gnu99;
				GCC_DYNAMIC_NO_PIC = NO;
				GCC_NO_COMMON_BLOCKS = YES;
				GCC_OPTIMIZATION_LEVEL = 0;
				GCC_PREPROCESSOR_DEFINITIONS = (
					"DEBUG=1",
					"$(inherited)",
				);
				GCC_WARN_64_TO_32_BIT_CONVERSION = YES;
				GCC_WARN_ABOUT_RETURN_TYPE = YES_ERROR;
				GCC_WARN_UNDECLARED_SELECTOR = YES;
				GCC_WARN_UNINITIALIZED_AUTOS = YES_AGGRESSIVE;
				GCC_WARN_UNUSED_FUNCTION = YES;
				GCC_WARN_UNUSED_VARIABLE = YES;
				MACOSX_DEPLOYMENT_TARGET = 10.12;
				MTL_ENABLE_DEBUG_INFO = YES;
				ONLY_ACTIVE_ARCH = YES;
				SDKROOT = macosx;
				SWIFT_OPTIMIZATION_LEVEL = "-Onone";
			};
			name = Debug;
		};
		8489BF761F61455300630190 /* Release */ = {
			isa = XCBuildConfiguration;
			buildSettings = {
				ALWAYS_SEARCH_USER_PATHS = NO;
				CLANG_ANALYZER_NONNULL = YES;
				CLANG_ANALYZER_NUMBER_OBJECT_CONVERSION = YES_AGGRESSIVE;
				CLANG_CXX_LANGUAGE_STANDARD = "gnu++0x";
				CLANG_CXX_LIBRARY = "libc++";
				CLANG_ENABLE_MODULES = YES;
				CLANG_ENABLE_OBJC_ARC = YES;
				CLANG_WARN_BOOL_CONVERSION = YES;
				CLANG_WARN_CONSTANT_CONVERSION = YES;
				CLANG_WARN_DIRECT_OBJC_ISA_USAGE = YES_ERROR;
				CLANG_WARN_DOCUMENTATION_COMMENTS = YES;
				CLANG_WARN_EMPTY_BODY = YES;
				CLANG_WARN_ENUM_CONVERSION = YES;
				CLANG_WARN_INFINITE_RECURSION = YES;
				CLANG_WARN_INT_CONVERSION = YES;
				CLANG_WARN_OBJC_ROOT_CLASS = YES_ERROR;
				CLANG_WARN_SUSPICIOUS_MOVE = YES;
				CLANG_WARN_UNREACHABLE_CODE = YES;
				CLANG_WARN__DUPLICATE_METHOD_MATCH = YES;
				CODE_SIGN_IDENTITY = "-";
				COPY_PHASE_STRIP = NO;
				DEBUG_INFORMATION_FORMAT = "dwarf-with-dsym";
				ENABLE_NS_ASSERTIONS = NO;
				ENABLE_STRICT_OBJC_MSGSEND = YES;
				GCC_C_LANGUAGE_STANDARD = gnu99;
				GCC_NO_COMMON_BLOCKS = YES;
				GCC_WARN_64_TO_32_BIT_CONVERSION = YES;
				GCC_WARN_ABOUT_RETURN_TYPE = YES_ERROR;
				GCC_WARN_UNDECLARED_SELECTOR = YES;
				GCC_WARN_UNINITIALIZED_AUTOS = YES_AGGRESSIVE;
				GCC_WARN_UNUSED_FUNCTION = YES;
				GCC_WARN_UNUSED_VARIABLE = YES;
				MACOSX_DEPLOYMENT_TARGET = 10.12;
				MTL_ENABLE_DEBUG_INFO = NO;
				SDKROOT = macosx;
			};
			name = Release;
		};
		8489BF781F61455300630190 /* Debug */ = {
			isa = XCBuildConfiguration;
			buildSettings = {
				LIBRARY_SEARCH_PATHS = (
					"$(inherited)",
					"$(PROJECT_DIR)/echo",
				);
				PRODUCT_NAME = "$(TARGET_NAME)";
				SWIFT_INCLUDE_PATHS = "$(SRCROOT)/echo";
				SWIFT_VERSION = 3.0;
			};
			name = Debug;
		};
		8489BF791F61455300630190 /* Release */ = {
			isa = XCBuildConfiguration;
			buildSettings = {
				LIBRARY_SEARCH_PATHS = (
					"$(inherited)",
					"$(PROJECT_DIR)/echo",
				);
				PRODUCT_NAME = "$(TARGET_NAME)";
				SWIFT_INCLUDE_PATHS = "$(SRCROOT)/echo";
				SWIFT_VERSION = 3.0;
			};
			name = Release;
		};
/* End XCBuildConfiguration section */

/* Begin XCConfigurationList section */
		8489BF6B1F61455300630190 /* Build configuration list for PBXProject "Go2Swift" */ = {
			isa = XCConfigurationList;
			buildConfigurations = (
				8489BF751F61455300630190 /* Debug */,
				8489BF761F61455300630190 /* Release */,
			);
			defaultConfigurationIsVisible = 0;
			defaultConfigurationName = Release;
		};
		8489BF771F61455300630190 /* Build configuration list for PBXNativeTarget "Go2Swift" */ = {
			isa = XCConfigurationList;
			buildConfigurations = (
				8489BF781F61455300630190 /* Debug */,
				8489BF791F61455300630190 /* Release */,
			);
			defaultConfigurationIsVisible = 0;
			defaultConfigurationName = Release;
		};
/* End XCConfigurationList section */
	};
	rootObject = 8489BF681F61455300630190 /* Project object */;
}
